<?xml version="1.0" encoding="utf-8"?>
<Project ToolsVersion="4.0" xmlns="http://schemas.microsoft.com/developer/msbuild/2003">
  <ItemGroup>
    <Filter Include="src">
      <UniqueIdentifier>{00000000-0000-0000-0000-000000000000}</UniqueIdentifier>
    </Filter>
    <Filter Include="shader">
      <UniqueIdentifier>{00000000-0000-0000-0000-000000000000}</UniqueIdentifier>
    </Filter>
  </ItemGroup>
  <ItemGroup>
    <ClCompile Include="src\main.cpp">
      <Filter>src</Filter>
    </ClCompile>
  </ItemGroup>
  <ItemGroup>
    <FxCompile Include="shader\copy.p.hlsl">
      <Filter>shader</Filter>
    </FxCompile>
    <FxCompile Include="shader\copy.vv.hlsl">
      <Filter>shader</Filter>
    </FxCompile>
    <FxCompile Include="shader\zpre.vv.hlsl">
      <Filter>shader</Filter>
    </FxCompile>
    <FxCompile Include="shader\lighting.p.hlsl">
      <Filter>shader</Filter>
    </FxCompile>
    <FxCompile Include="shader\lighting.vv.hlsl">
      <Filter>shader</Filter>
    </FxCompile>
    <FxCompile Include="shader\zpre.p.hlsl">
      <Filter>shader</Filter>
    </FxCompile>
    <FxCompile Include="shader\hybrid.lib.hlsl">
      <Filter>shader</Filter>
    </FxCompile>
    <FxCompile Include="shader\display_atlas.vv.hlsl">
      <Filter>shader</Filter>
    </FxCompile>
    <FxCompile Include="shader\display_atlas.p.hlsl">
      <Filter>shader</Filter>
    </FxCompile>
    <FxCompile Include="shader\bake_pos_nml.vv.hlsl">
      <Filter>shader</Filter>
    </FxCompile>
    <FxCompile Include="shader\bake_pos_nml.p.hlsl">
      <Filter>shader</Filter>
    </FxCompile>
    <FxCompile Include="shader\light_bake.lib.hlsl">
      <Filter>shader</Filter>
    </FxCompile>
    <FxCompile Include="shader\denoise.p.hlsl">
      <Filter>shader</Filter>
    </FxCompile>
    <FxCompile Include="shader\denoise.vv.hlsl">
      <Filter>shader</Filter>
    </FxCompile>
  </ItemGroup>
  <ItemGroup>
    <None Include="packages.config" />
  </ItemGroup>
</Project>