
Microsoft Visual Studio Solution File, Format Version 12.00
# Visual Studio 14
VisualStudioVersion = 14.0.25420.1
MinimumVisualStudioVersion = 10.0.40219.1
Project("{8BC9CEB8-8B4A-11D0-8D11-00A0C91BC942}") = "Sample001", "Sample001\Sample001.vcxproj", "{78AC3D90-FA09-468F-867F-C7E456AC6297}"
	ProjectSection(ProjectDependencies) = postProject
		{371B9FA9-4C90-4AC6-A123-ACED756D6C77} = {371B9FA9-4C90-4AC6-A123-ACED756D6C77}
		{027478E8-F042-4016-BAA7-CDD455A319EA} = {027478E8-F042-4016-BAA7-CDD455A319EA}
	EndProjectSection
EndProject
Project("{8BC9CEB8-8B4A-11D0-8D11-00A0C91BC942}") = "DirectXTex", "External\DirectXTex\DirectXTex\DirectXTex_Desktop_2015_Win10.vcxproj", "{371B9FA9-4C90-4AC6-A123-ACED756D6C77}"
EndProject
Project("{8BC9CEB8-8B4A-11D0-8D11-00A0C91BC942}") = "SampleLib12", "SampleLib12\SampleLib12.vcxproj", "{027478E8-F042-4016-BAA7-CDD455A319EA}"
EndProject
Project("{8BC9CEB8-8B4A-11D0-8D11-00A0C91BC942}") = "Sample002", "Sample002\Sample002.vcxproj", "{C8E160CD-7BB1-47C4-8B56-01E37EDD7D57}"
	ProjectSection(ProjectDependencies) = postProject
		{371B9FA9-4C90-4AC6-A123-ACED756D6C77} = {371B9FA9-4C90-4AC6-A123-ACED756D6C77}
		{027478E8-F042-4016-BAA7-CDD455A319EA} = {027478E8-F042-4016-BAA7-CDD455A319EA}
	EndProjectSection
EndProject
Project("{8BC9CEB8-8B4A-11D0-8D11-00A0C91BC942}") = "Sample003", "Sample003\Sample003.vcxproj", "{11B9739C-7180-4997-9067-6103D3FA4A0D}"
	ProjectSection(ProjectDependencies) = postProject
		{371B9FA9-4C90-4AC6-A123-ACED756D6C77} = {371B9FA9-4C90-4AC6-A123-ACED756D6C77}
		{027478E8-F042-4016-BAA7-CDD455A319EA} = {027478E8-F042-4016-BAA7-CDD455A319EA}
	EndProjectSection
EndProject
Project("{8BC9CEB8-8B4A-11D0-8D11-00A0C91BC942}") = "Sample004", "Sample004\Sample004.vcxproj", "{9CBF6414-8473-4357-80BB-F569B19E84FC}"
	ProjectSection(ProjectDependencies) = postProject
		{371B9FA9-4C90-4AC6-A123-ACED756D6C77} = {371B9FA9-4C90-4AC6-A123-ACED756D6C77}
		{027478E8-F042-4016-BAA7-CDD455A319EA} = {027478E8-F042-4016-BAA7-CDD455A319EA}
	EndProjectSection
EndProject
Project("{8BC9CEB8-8B4A-11D0-8D11-00A0C91BC942}") = "Sample005", "Sample005\Sample005.vcxproj", "{C1A05D5E-5AAC-41C0-8494-BC2558CA2FF9}"
	ProjectSection(ProjectDependencies) = postProject
		{371B9FA9-4C90-4AC6-A123-ACED756D6C77} = {371B9FA9-4C90-4AC6-A123-ACED756D6C77}
		{027478E8-F042-4016-BAA7-CDD455A319EA} = {027478E8-F042-4016-BAA7-CDD455A319EA}
	EndProjectSection
EndProject
Project("{8BC9CEB8-8B4A-11D0-8D11-00A0C91BC942}") = "Sample006", "Sample006\Sample006.vcxproj", "{915D6662-F933-4E07-BA3B-3C221FE58A36}"
	ProjectSection(ProjectDependencies) = postProject
		{371B9FA9-4C90-4AC6-A123-ACED756D6C77} = {371B9FA9-4C90-4AC6-A123-ACED756D6C77}
		{027478E8-F042-4016-BAA7-CDD455A319EA} = {027478E8-F042-4016-BAA7-CDD455A319EA}
	EndProjectSection
EndProject
Project("{8BC9CEB8-8B4A-11D0-8D11-00A0C91BC942}") = "Sample007", "Sample007\Sample007.vcxproj", "{3448E02E-2531-4816-83DB-84C7CC7279FF}"
	ProjectSection(ProjectDependencies) = postProject
		{371B9FA9-4C90-4AC6-A123-ACED756D6C77} = {371B9FA9-4C90-4AC6-A123-ACED756D6C77}
		{027478E8-F042-4016-BAA7-CDD455A319EA} = {027478E8-F042-4016-BAA7-CDD455A319EA}
	EndProjectSection
EndProject
Project("{8BC9CEB8-8B4A-11D0-8D11-00A0C91BC942}") = "Sample008", "Sample008\Sample008.vcxproj", "{73E3E34E-759F-4A61-B54E-EA4B31C9C08A}"
	ProjectSection(ProjectDependencies) = postProject
		{371B9FA9-4C90-4AC6-A123-ACED756D6C77} = {371B9FA9-4C90-4AC6-A123-ACED756D6C77}
		{027478E8-F042-4016-BAA7-CDD455A319EA} = {027478E8-F042-4016-BAA7-CDD455A319EA}
	EndProjectSection
EndProject
Global
	GlobalSection(SolutionConfigurationPlatforms) = preSolution
		Debug|x64 = Debug|x64
		Debug|x86 = Debug|x86
		Profile|x64 = Profile|x64
		Profile|x86 = Profile|x86
		Release|x64 = Release|x64
		Release|x86 = Release|x86
	EndGlobalSection
	GlobalSection(ProjectConfigurationPlatforms) = postSolution
		{78AC3D90-FA09-468F-867F-C7E456AC6297}.Debug|x64.ActiveCfg = Debug|x64
		{78AC3D90-FA09-468F-867F-C7E456AC6297}.Debug|x64.Build.0 = Debug|x64
		{78AC3D90-FA09-468F-867F-C7E456AC6297}.Debug|x86.ActiveCfg = Debug|x64
		{78AC3D90-FA09-468F-867F-C7E456AC6297}.Profile|x64.ActiveCfg = Release|x64
		{78AC3D90-FA09-468F-867F-C7E456AC6297}.Profile|x64.Build.0 = Release|x64
		{78AC3D90-FA09-468F-867F-C7E456AC6297}.Profile|x86.ActiveCfg = Release|x64
		{78AC3D90-FA09-468F-867F-C7E456AC6297}.Profile|x86.Build.0 = Release|x64
		{78AC3D90-FA09-468F-867F-C7E456AC6297}.Release|x64.ActiveCfg = Release|x64
		{78AC3D90-FA09-468F-867F-C7E456AC6297}.Release|x64.Build.0 = Release|x64
		{78AC3D90-FA09-468F-867F-C7E456AC6297}.Release|x86.ActiveCfg = Release|x64
		{371B9FA9-4C90-4AC6-A123-ACED756D6C77}.Debug|x64.ActiveCfg = Debug|x64
		{371B9FA9-4C90-4AC6-A123-ACED756D6C77}.Debug|x64.Build.0 = Debug|x64
		{371B9FA9-4C90-4AC6-A123-ACED756D6C77}.Debug|x86.ActiveCfg = Debug|Win32
		{371B9FA9-4C90-4AC6-A123-ACED756D6C77}.Debug|x86.Build.0 = Debug|Win32
		{371B9FA9-4C90-4AC6-A123-ACED756D6C77}.Profile|x64.ActiveCfg = Profile|x64
		{371B9FA9-4C90-4AC6-A123-ACED756D6C77}.Profile|x64.Build.0 = Profile|x64
		{371B9FA9-4C90-4AC6-A123-ACED756D6C77}.Profile|x86.ActiveCfg = Profile|Win32
		{371B9FA9-4C90-4AC6-A123-ACED756D6C77}.Profile|x86.Build.0 = Profile|Win32
		{371B9FA9-4C90-4AC6-A123-ACED756D6C77}.Release|x64.ActiveCfg = Release|x64
		{371B9FA9-4C90-4AC6-A123-ACED756D6C77}.Release|x64.Build.0 = Release|x64
		{371B9FA9-4C90-4AC6-A123-ACED756D6C77}.Release|x86.ActiveCfg = Release|Win32
		{371B9FA9-4C90-4AC6-A123-ACED756D6C77}.Release|x86.Build.0 = Release|Win32
		{027478E8-F042-4016-BAA7-CDD455A319EA}.Debug|x64.ActiveCfg = Debug|x64
		{027478E8-F042-4016-BAA7-CDD455A319EA}.Debug|x64.Build.0 = Debug|x64
		{027478E8-F042-4016-BAA7-CDD455A319EA}.Debug|x86.ActiveCfg = Debug|x64
		{027478E8-F042-4016-BAA7-CDD455A319EA}.Profile|x64.ActiveCfg = Release|x64
		{027478E8-F042-4016-BAA7-CDD455A319EA}.Profile|x64.Build.0 = Release|x64
		{027478E8-F042-4016-BAA7-CDD455A319EA}.Profile|x86.ActiveCfg = Release|x64
		{027478E8-F042-4016-BAA7-CDD455A319EA}.Profile|x86.Build.0 = Release|x64
		{027478E8-F042-4016-BAA7-CDD455A319EA}.Release|x64.ActiveCfg = Release|x64
		{027478E8-F042-4016-BAA7-CDD455A319EA}.Release|x64.Build.0 = Release|x64
		{027478E8-F042-4016-BAA7-CDD455A319EA}.Release|x86.ActiveCfg = Release|x64
		{C8E160CD-7BB1-47C4-8B56-01E37EDD7D57}.Debug|x64.ActiveCfg = Debug|x64
		{C8E160CD-7BB1-47C4-8B56-01E37EDD7D57}.Debug|x64.Build.0 = Debug|x64
		{C8E160CD-7BB1-47C4-8B56-01E37EDD7D57}.Debug|x86.ActiveCfg = Debug|x64
		{C8E160CD-7BB1-47C4-8B56-01E37EDD7D57}.Profile|x64.ActiveCfg = Release|x64
		{C8E160CD-7BB1-47C4-8B56-01E37EDD7D57}.Profile|x64.Build.0 = Release|x64
		{C8E160CD-7BB1-47C4-8B56-01E37EDD7D57}.Profile|x86.ActiveCfg = Release|x64
		{C8E160CD-7BB1-47C4-8B56-01E37EDD7D57}.Profile|x86.Build.0 = Release|x64
		{C8E160CD-7BB1-47C4-8B56-01E37EDD7D57}.Release|x64.ActiveCfg = Release|x64
		{C8E160CD-7BB1-47C4-8B56-01E37EDD7D57}.Release|x64.Build.0 = Release|x64
		{C8E160CD-7BB1-47C4-8B56-01E37EDD7D57}.Release|x86.ActiveCfg = Release|x64
		{11B9739C-7180-4997-9067-6103D3FA4A0D}.Debug|x64.ActiveCfg = Debug|x64
		{11B9739C-7180-4997-9067-6103D3FA4A0D}.Debug|x64.Build.0 = Debug|x64
		{11B9739C-7180-4997-9067-6103D3FA4A0D}.Debug|x86.ActiveCfg = Debug|x64
		{11B9739C-7180-4997-9067-6103D3FA4A0D}.Profile|x64.ActiveCfg = Release|x64
		{11B9739C-7180-4997-9067-6103D3FA4A0D}.Profile|x64.Build.0 = Release|x64
		{11B9739C-7180-4997-9067-6103D3FA4A0D}.Profile|x86.ActiveCfg = Release|x64
		{11B9739C-7180-4997-9067-6103D3FA4A0D}.Profile|x86.Build.0 = Release|x64
		{11B9739C-7180-4997-9067-6103D3FA4A0D}.Release|x64.ActiveCfg = Release|x64
		{11B9739C-7180-4997-9067-6103D3FA4A0D}.Release|x64.Build.0 = Release|x64
		{11B9739C-7180-4997-9067-6103D3FA4A0D}.Release|x86.ActiveCfg = Release|x64
		{9CBF6414-8473-4357-80BB-F569B19E84FC}.Debug|x64.ActiveCfg = Debug|x64
		{9CBF6414-8473-4357-80BB-F569B19E84FC}.Debug|x64.Build.0 = Debug|x64
		{9CBF6414-8473-4357-80BB-F569B19E84FC}.Debug|x86.ActiveCfg = Debug|x64
		{9CBF6414-8473-4357-80BB-F569B19E84FC}.Profile|x64.ActiveCfg = Release|x64
		{9CBF6414-8473-4357-80BB-F569B19E84FC}.Profile|x64.Build.0 = Release|x64
		{9CBF6414-8473-4357-80BB-F569B19E84FC}.Profile|x86.ActiveCfg = Release|x64
		{9CBF6414-8473-4357-80BB-F569B19E84FC}.Profile|x86.Build.0 = Release|x64
		{9CBF6414-8473-4357-80BB-F569B19E84FC}.Release|x64.ActiveCfg = Release|x64
		{9CBF6414-8473-4357-80BB-F569B19E84FC}.Release|x64.Build.0 = Release|x64
		{9CBF6414-8473-4357-80BB-F569B19E84FC}.Release|x86.ActiveCfg = Release|x64
		{C1A05D5E-5AAC-41C0-8494-BC2558CA2FF9}.Debug|x64.ActiveCfg = Debug|x64
		{C1A05D5E-5AAC-41C0-8494-BC2558CA2FF9}.Debug|x64.Build.0 = Debug|x64
		{C1A05D5E-5AAC-41C0-8494-BC2558CA2FF9}.Debug|x86.ActiveCfg = Debug|x64
		{C1A05D5E-5AAC-41C0-8494-BC2558CA2FF9}.Profile|x64.ActiveCfg = Release|x64
		{C1A05D5E-5AAC-41C0-8494-BC2558CA2FF9}.Profile|x64.Build.0 = Release|x64
		{C1A05D5E-5AAC-41C0-8494-BC2558CA2FF9}.Profile|x86.ActiveCfg = Release|x64
		{C1A05D5E-5AAC-41C0-8494-BC2558CA2FF9}.Profile|x86.Build.0 = Release|x64
		{C1A05D5E-5AAC-41C0-8494-BC2558CA2FF9}.Release|x64.ActiveCfg = Release|x64
		{C1A05D5E-5AAC-41C0-8494-BC2558CA2FF9}.Release|x64.Build.0 = Release|x64
		{C1A05D5E-5AAC-41C0-8494-BC2558CA2FF9}.Release|x86.ActiveCfg = Release|x64
		{915D6662-F933-4E07-BA3B-3C221FE58A36}.Debug|x64.ActiveCfg = Debug|x64
		{915D6662-F933-4E07-BA3B-3C221FE58A36}.Debug|x64.Build.0 = Debug|x64
		{915D6662-F933-4E07-BA3B-3C221FE58A36}.Debug|x86.ActiveCfg = Debug|x64
		{915D6662-F933-4E07-BA3B-3C221FE58A36}.Profile|x64.ActiveCfg = Release|x64
		{915D6662-F933-4E07-BA3B-3C221FE58A36}.Profile|x64.Build.0 = Release|x64
		{915D6662-F933-4E07-BA3B-3C221FE58A36}.Profile|x86.ActiveCfg = Release|x64
		{915D6662-F933-4E07-BA3B-3C221FE58A36}.Profile|x86.Build.0 = Release|x64
		{915D6662-F933-4E07-BA3B-3C221FE58A36}.Release|x64.ActiveCfg = Release|x64
		{915D6662-F933-4E07-BA3B-3C221FE58A36}.Release|x64.Build.0 = Release|x64
		{915D6662-F933-4E07-BA3B-3C221FE58A36}.Release|x86.ActiveCfg = Release|x64
		{3448E02E-2531-4816-83DB-84C7CC7279FF}.Debug|x64.ActiveCfg = Debug|x64
		{3448E02E-2531-4816-83DB-84C7CC7279FF}.Debug|x64.Build.0 = Debug|x64
		{3448E02E-2531-4816-83DB-84C7CC7279FF}.Debug|x86.ActiveCfg = Debug|x64
		{3448E02E-2531-4816-83DB-84C7CC7279FF}.Profile|x64.ActiveCfg = Release|x64
		{3448E02E-2531-4816-83DB-84C7CC7279FF}.Profile|x64.Build.0 = Release|x64
		{3448E02E-2531-4816-83DB-84C7CC7279FF}.Profile|x86.ActiveCfg = Release|x64
		{3448E02E-2531-4816-83DB-84C7CC7279FF}.Profile|x86.Build.0 = Release|x64
		{3448E02E-2531-4816-83DB-84C7CC7279FF}.Release|x64.ActiveCfg = Release|x64
		{3448E02E-2531-4816-83DB-84C7CC7279FF}.Release|x64.Build.0 = Release|x64
		{3448E02E-2531-4816-83DB-84C7CC7279FF}.Release|x86.ActiveCfg = Release|x64
		{73E3E34E-759F-4A61-B54E-EA4B31C9C08A}.Debug|x64.ActiveCfg = Debug|x64
		{73E3E34E-759F-4A61-B54E-EA4B31C9C08A}.Debug|x64.Build.0 = Debug|x64
		{73E3E34E-759F-4A61-B54E-EA4B31C9C08A}.Debug|x86.ActiveCfg = Debug|x64
		{73E3E34E-759F-4A61-B54E-EA4B31C9C08A}.Profile|x64.ActiveCfg = Release|x64
		{73E3E34E-759F-4A61-B54E-EA4B31C9C08A}.Profile|x64.Build.0 = Release|x64
		{73E3E34E-759F-4A61-B54E-EA4B31C9C08A}.Profile|x86.ActiveCfg = Release|x64
		{73E3E34E-759F-4A61-B54E-EA4B31C9C08A}.Profile|x86.Build.0 = Release|x64
		{73E3E34E-759F-4A61-B54E-EA4B31C9C08A}.Release|x64.ActiveCfg = Release|x64
		{73E3E34E-759F-4A61-B54E-EA4B31C9C08A}.Release|x64.Build.0 = Release|x64
		{73E3E34E-759F-4A61-B54E-EA4B31C9C08A}.Release|x86.ActiveCfg = Release|x64
	EndGlobalSection
	GlobalSection(SolutionProperties) = preSolution
		HideSolutionNode = FALSE
	EndGlobalSection
EndGlobal
