
Microsoft Visual Studio Solution File, Format Version 12.00
# Visual Studio Version 16
VisualStudioVersion = 16.0.30204.135
MinimumVisualStudioVersion = 10.0.40219.1
Project("{8BC9CEB8-8B4A-11D0-8D11-00A0C91BC942}") = "Sample001", "Sample001\Sample001.vcxproj", "{78AC3D90-FA09-468F-867F-C7E456AC6297}"
	ProjectSection(ProjectDependencies) = postProject
		{371B9FA9-4C90-4AC6-A123-ACED756D6C77} = {371B9FA9-4C90-4AC6-A123-ACED756D6C77}
		{027478E8-F042-4016-BAA7-CDD455A319EA} = {027478E8-F042-4016-BAA7-CDD455A319EA}
	EndProjectSection
EndProject
Project("{8BC9CEB8-8B4A-11D0-8D11-00A0C91BC942}") = "SampleLib12", "SampleLib12\SampleLib12.vcxproj", "{027478E8-F042-4016-BAA7-CDD455A319EA}"
EndProject
Project("{8BC9CEB8-8B4A-11D0-8D11-00A0C91BC942}") = "Sample002", "Sample002\Sample002.vcxproj", "{C8E160CD-7BB1-47C4-8B56-01E37EDD7D57}"
	ProjectSection(ProjectDependencies) = postProject
		{371B9FA9-4C90-4AC6-A123-ACED756D6C77} = {371B9FA9-4C90-4AC6-A123-ACED756D6C77}
		{027478E8-F042-4016-BAA7-CDD455A319EA} = {027478E8-F042-4016-BAA7-CDD455A319EA}
	EndProjectSection
EndProject
Project("{8BC9CEB8-8B4A-11D0-8D11-00A0C91BC942}") = "Sample003", "Sample003\Sample003.vcxproj", "{11B9739C-7180-4997-9067-6103D3FA4A0D}"
	ProjectSection(ProjectDependencies) = postProject
		{371B9FA9-4C90-4AC6-A123-ACED756D6C77} = {371B9FA9-4C90-4AC6-A123-ACED756D6C77}
		{027478E8-F042-4016-BAA7-CDD455A319EA} = {027478E8-F042-4016-BAA7-CDD455A319EA}
	EndProjectSection
EndProject
Project("{8BC9CEB8-8B4A-11D0-8D11-00A0C91BC942}") = "Sample004", "Sample004\Sample004.vcxproj", "{9CBF6414-8473-4357-80BB-F569B19E84FC}"
	ProjectSection(ProjectDependencies) = postProject
		{371B9FA9-4C90-4AC6-A123-ACED756D6C77} = {371B9FA9-4C90-4AC6-A123-ACED756D6C77}
		{027478E8-F042-4016-BAA7-CDD455A319EA} = {027478E8-F042-4016-BAA7-CDD455A319EA}
	EndProjectSection
EndProject
Project("{8BC9CEB8-8B4A-11D0-8D11-00A0C91BC942}") = "Sample005", "Sample005\Sample005.vcxproj", "{C1A05D5E-5AAC-41C0-8494-BC2558CA2FF9}"
	ProjectSection(ProjectDependencies) = postProject
		{371B9FA9-4C90-4AC6-A123-ACED756D6C77} = {371B9FA9-4C90-4AC6-A123-ACED756D6C77}
		{027478E8-F042-4016-BAA7-CDD455A319EA} = {027478E8-F042-4016-BAA7-CDD455A319EA}
	EndProjectSection
EndProject
Project("{8BC9CEB8-8B4A-11D0-8D11-00A0C91BC942}") = "Sample006", "Sample006\Sample006.vcxproj", "{915D6662-F933-4E07-BA3B-3C221FE58A36}"
	ProjectSection(ProjectDependencies) = postProject
		{371B9FA9-4C90-4AC6-A123-ACED756D6C77} = {371B9FA9-4C90-4AC6-A123-ACED756D6C77}
		{027478E8-F042-4016-BAA7-CDD455A319EA} = {027478E8-F042-4016-BAA7-CDD455A319EA}
	EndProjectSection
EndProject
Project("{8BC9CEB8-8B4A-11D0-8D11-00A0C91BC942}") = "Sample007", "Sample007\Sample007.vcxproj", "{3448E02E-2531-4816-83DB-84C7CC7279FF}"
	ProjectSection(ProjectDependencies) = postProject
		{371B9FA9-4C90-4AC6-A123-ACED756D6C77} = {371B9FA9-4C90-4AC6-A123-ACED756D6C77}
		{027478E8-F042-4016-BAA7-CDD455A319EA} = {027478E8-F042-4016-BAA7-CDD455A319EA}
	EndProjectSection
EndProject
Project("{8BC9CEB8-8B4A-11D0-8D11-00A0C91BC942}") = "Sample008", "Sample008\Sample008.vcxproj", "{73E3E34E-759F-4A61-B54E-EA4B31C9C08A}"
	ProjectSection(ProjectDependencies) = postProject
		{371B9FA9-4C90-4AC6-A123-ACED756D6C77} = {371B9FA9-4C90-4AC6-A123-ACED756D6C77}
		{027478E8-F042-4016-BAA7-CDD455A319EA} = {027478E8-F042-4016-BAA7-CDD455A319EA}
	EndProjectSection
EndProject
Project("{8BC9CEB8-8B4A-11D0-8D11-00A0C91BC942}") = "Sample009", "Sample009\Sample009.vcxproj", "{CF64692B-4346-4A5C-B49C-1B91DA23AFB6}"
	ProjectSection(ProjectDependencies) = postProject
		{371B9FA9-4C90-4AC6-A123-ACED756D6C77} = {371B9FA9-4C90-4AC6-A123-ACED756D6C77}
		{027478E8-F042-4016-BAA7-CDD455A319EA} = {027478E8-F042-4016-BAA7-CDD455A319EA}
	EndProjectSection
EndProject
Project("{8BC9CEB8-8B4A-11D0-8D11-00A0C91BC942}") = "Sample010", "Sample010\Sample010.vcxproj", "{9CB89C25-7761-4F2C-A883-B0D9A0362A94}"
	ProjectSection(ProjectDependencies) = postProject
		{371B9FA9-4C90-4AC6-A123-ACED756D6C77} = {371B9FA9-4C90-4AC6-A123-ACED756D6C77}
		{027478E8-F042-4016-BAA7-CDD455A319EA} = {027478E8-F042-4016-BAA7-CDD455A319EA}
	EndProjectSection
EndProject
Project("{8BC9CEB8-8B4A-11D0-8D11-00A0C91BC942}") = "Sample011", "Sample011\Sample011.vcxproj", "{678DF1CF-E696-4132-B807-FFF626CBC90F}"
	ProjectSection(ProjectDependencies) = postProject
		{371B9FA9-4C90-4AC6-A123-ACED756D6C77} = {371B9FA9-4C90-4AC6-A123-ACED756D6C77}
		{027478E8-F042-4016-BAA7-CDD455A319EA} = {027478E8-F042-4016-BAA7-CDD455A319EA}
	EndProjectSection
EndProject
Project("{8BC9CEB8-8B4A-11D0-8D11-00A0C91BC942}") = "Sample012", "Sample012\Sample012.vcxproj", "{E7BA395F-5CDD-4452-8428-67012B9C609A}"
	ProjectSection(ProjectDependencies) = postProject
		{371B9FA9-4C90-4AC6-A123-ACED756D6C77} = {371B9FA9-4C90-4AC6-A123-ACED756D6C77}
		{027478E8-F042-4016-BAA7-CDD455A319EA} = {027478E8-F042-4016-BAA7-CDD455A319EA}
	EndProjectSection
EndProject
Project("{8BC9CEB8-8B4A-11D0-8D11-00A0C91BC942}") = "DirectXTex", "External\DirectXTex\DirectXTex\DirectXTex_Desktop_2017_Win10.vcxproj", "{371B9FA9-4C90-4AC6-A123-ACED756D6C77}"
EndProject
Project("{8BC9CEB8-8B4A-11D0-8D11-00A0C91BC942}") = "Sample013", "Sample013\Sample013.vcxproj", "{62301340-21DA-41F6-8351-50D411E3D519}"
	ProjectSection(ProjectDependencies) = postProject
		{10359E70-6A7F-4433-8EF1-B0FB688D830E} = {10359E70-6A7F-4433-8EF1-B0FB688D830E}
		{6857F086-F6FE-4150-9ED7-7446F1C1C220} = {6857F086-F6FE-4150-9ED7-7446F1C1C220}
		{371B9FA9-4C90-4AC6-A123-ACED756D6C77} = {371B9FA9-4C90-4AC6-A123-ACED756D6C77}
		{027478E8-F042-4016-BAA7-CDD455A319EA} = {027478E8-F042-4016-BAA7-CDD455A319EA}
	EndProjectSection
EndProject
Project("{8BC9CEB8-8B4A-11D0-8D11-00A0C91BC942}") = "UVAtlas_2017_Win10", "External\UVAtlas\UVAtlas\UVAtlas_2017_Win10.vcxproj", "{10359E70-6A7F-4433-8EF1-B0FB688D830E}"
EndProject
Project("{8BC9CEB8-8B4A-11D0-8D11-00A0C91BC942}") = "Sample014", "Sample014\Sample014.vcxproj", "{87D26994-4149-4B94-A71C-3F2C02FEF88C}"
	ProjectSection(ProjectDependencies) = postProject
		{10359E70-6A7F-4433-8EF1-B0FB688D830E} = {10359E70-6A7F-4433-8EF1-B0FB688D830E}
		{6857F086-F6FE-4150-9ED7-7446F1C1C220} = {6857F086-F6FE-4150-9ED7-7446F1C1C220}
		{371B9FA9-4C90-4AC6-A123-ACED756D6C77} = {371B9FA9-4C90-4AC6-A123-ACED756D6C77}
		{027478E8-F042-4016-BAA7-CDD455A319EA} = {027478E8-F042-4016-BAA7-CDD455A319EA}
	EndProjectSection
EndProject
Project("{8BC9CEB8-8B4A-11D0-8D11-00A0C91BC942}") = "DirectXMesh", "External\DirectXMesh\DirectXMesh\DirectXMesh_Desktop_2017_Win10.vcxproj", "{6857F086-F6FE-4150-9ED7-7446F1C1C220}"
EndProject
Project("{8BC9CEB8-8B4A-11D0-8D11-00A0C91BC942}") = "Sample015", "Sample015\Sample015.vcxproj", "{89EB7787-4C6F-4EC3-A31D-7EED9180A8ED}"
	ProjectSection(ProjectDependencies) = postProject
		{10359E70-6A7F-4433-8EF1-B0FB688D830E} = {10359E70-6A7F-4433-8EF1-B0FB688D830E}
		{6857F086-F6FE-4150-9ED7-7446F1C1C220} = {6857F086-F6FE-4150-9ED7-7446F1C1C220}
		{371B9FA9-4C90-4AC6-A123-ACED756D6C77} = {371B9FA9-4C90-4AC6-A123-ACED756D6C77}
		{027478E8-F042-4016-BAA7-CDD455A319EA} = {027478E8-F042-4016-BAA7-CDD455A319EA}
	EndProjectSection
EndProject
Project("{8BC9CEB8-8B4A-11D0-8D11-00A0C91BC942}") = "Sample016", "Sample016\Sample016.vcxproj", "{214BED02-EFFD-4CCD-8D69-61B47CAE7D24}"
	ProjectSection(ProjectDependencies) = postProject
		{10359E70-6A7F-4433-8EF1-B0FB688D830E} = {10359E70-6A7F-4433-8EF1-B0FB688D830E}
		{6857F086-F6FE-4150-9ED7-7446F1C1C220} = {6857F086-F6FE-4150-9ED7-7446F1C1C220}
		{371B9FA9-4C90-4AC6-A123-ACED756D6C77} = {371B9FA9-4C90-4AC6-A123-ACED756D6C77}
		{027478E8-F042-4016-BAA7-CDD455A319EA} = {027478E8-F042-4016-BAA7-CDD455A319EA}
	EndProjectSection
EndProject
Project("{8BC9CEB8-8B4A-11D0-8D11-00A0C91BC942}") = "Sample017", "Sample017\Sample017.vcxproj", "{CE52CE21-7C61-4ECB-AAFF-C8FB1E05AF7B}"
	ProjectSection(ProjectDependencies) = postProject
		{10359E70-6A7F-4433-8EF1-B0FB688D830E} = {10359E70-6A7F-4433-8EF1-B0FB688D830E}
		{6857F086-F6FE-4150-9ED7-7446F1C1C220} = {6857F086-F6FE-4150-9ED7-7446F1C1C220}
		{371B9FA9-4C90-4AC6-A123-ACED756D6C77} = {371B9FA9-4C90-4AC6-A123-ACED756D6C77}
		{027478E8-F042-4016-BAA7-CDD455A319EA} = {027478E8-F042-4016-BAA7-CDD455A319EA}
	EndProjectSection
EndProject
Project("{8BC9CEB8-8B4A-11D0-8D11-00A0C91BC942}") = "Sample018", "Sample018\Sample018.vcxproj", "{AFEB07E3-7F31-442C-BC92-F6CF3A9B280B}"
	ProjectSection(ProjectDependencies) = postProject
		{10359E70-6A7F-4433-8EF1-B0FB688D830E} = {10359E70-6A7F-4433-8EF1-B0FB688D830E}
		{6857F086-F6FE-4150-9ED7-7446F1C1C220} = {6857F086-F6FE-4150-9ED7-7446F1C1C220}
		{371B9FA9-4C90-4AC6-A123-ACED756D6C77} = {371B9FA9-4C90-4AC6-A123-ACED756D6C77}
		{027478E8-F042-4016-BAA7-CDD455A319EA} = {027478E8-F042-4016-BAA7-CDD455A319EA}
	EndProjectSection
EndProject
Project("{8BC9CEB8-8B4A-11D0-8D11-00A0C91BC942}") = "Sample019", "Sample019\Sample019.vcxproj", "{FDF57C0D-0622-4B4C-8549-83A578A153BA}"
	ProjectSection(ProjectDependencies) = postProject
		{10359E70-6A7F-4433-8EF1-B0FB688D830E} = {10359E70-6A7F-4433-8EF1-B0FB688D830E}
		{6857F086-F6FE-4150-9ED7-7446F1C1C220} = {6857F086-F6FE-4150-9ED7-7446F1C1C220}
		{371B9FA9-4C90-4AC6-A123-ACED756D6C77} = {371B9FA9-4C90-4AC6-A123-ACED756D6C77}
		{027478E8-F042-4016-BAA7-CDD455A319EA} = {027478E8-F042-4016-BAA7-CDD455A319EA}
	EndProjectSection
EndProject
Project("{8BC9CEB8-8B4A-11D0-8D11-00A0C91BC942}") = "Sample020", "Sample020\Sample020.vcxproj", "{3DA4C436-88E4-4D9F-B436-8041544ECE7B}"
	ProjectSection(ProjectDependencies) = postProject
		{10359E70-6A7F-4433-8EF1-B0FB688D830E} = {10359E70-6A7F-4433-8EF1-B0FB688D830E}
		{6857F086-F6FE-4150-9ED7-7446F1C1C220} = {6857F086-F6FE-4150-9ED7-7446F1C1C220}
		{371B9FA9-4C90-4AC6-A123-ACED756D6C77} = {371B9FA9-4C90-4AC6-A123-ACED756D6C77}
		{027478E8-F042-4016-BAA7-CDD455A319EA} = {027478E8-F042-4016-BAA7-CDD455A319EA}
	EndProjectSection
EndProject
Project("{8BC9CEB8-8B4A-11D0-8D11-00A0C91BC942}") = "Sample021", "Sample021\Sample021.vcxproj", "{9087C3BF-A746-4B16-8D80-DAEBBE55ADAD}"
	ProjectSection(ProjectDependencies) = postProject
		{10359E70-6A7F-4433-8EF1-B0FB688D830E} = {10359E70-6A7F-4433-8EF1-B0FB688D830E}
		{6857F086-F6FE-4150-9ED7-7446F1C1C220} = {6857F086-F6FE-4150-9ED7-7446F1C1C220}
		{371B9FA9-4C90-4AC6-A123-ACED756D6C77} = {371B9FA9-4C90-4AC6-A123-ACED756D6C77}
		{027478E8-F042-4016-BAA7-CDD455A319EA} = {027478E8-F042-4016-BAA7-CDD455A319EA}
	EndProjectSection
EndProject
Project("{8BC9CEB8-8B4A-11D0-8D11-00A0C91BC942}") = "Sample022", "Sample022\Sample022.vcxproj", "{5BC97749-745F-494C-9B54-76D83D469AF4}"
	ProjectSection(ProjectDependencies) = postProject
		{10359E70-6A7F-4433-8EF1-B0FB688D830E} = {10359E70-6A7F-4433-8EF1-B0FB688D830E}
		{6857F086-F6FE-4150-9ED7-7446F1C1C220} = {6857F086-F6FE-4150-9ED7-7446F1C1C220}
		{371B9FA9-4C90-4AC6-A123-ACED756D6C77} = {371B9FA9-4C90-4AC6-A123-ACED756D6C77}
		{027478E8-F042-4016-BAA7-CDD455A319EA} = {027478E8-F042-4016-BAA7-CDD455A319EA}
	EndProjectSection
EndProject
Project("{8BC9CEB8-8B4A-11D0-8D11-00A0C91BC942}") = "Sample023", "Sample023\Sample023.vcxproj", "{46E90B10-F877-4449-90B8-C5F67E1C1BFF}"
	ProjectSection(ProjectDependencies) = postProject
		{10359E70-6A7F-4433-8EF1-B0FB688D830E} = {10359E70-6A7F-4433-8EF1-B0FB688D830E}
		{6857F086-F6FE-4150-9ED7-7446F1C1C220} = {6857F086-F6FE-4150-9ED7-7446F1C1C220}
		{371B9FA9-4C90-4AC6-A123-ACED756D6C77} = {371B9FA9-4C90-4AC6-A123-ACED756D6C77}
		{027478E8-F042-4016-BAA7-CDD455A319EA} = {027478E8-F042-4016-BAA7-CDD455A319EA}
	EndProjectSection
EndProject
Project("{8BC9CEB8-8B4A-11D0-8D11-00A0C91BC942}") = "Sample024", "Sample024\Sample024.vcxproj", "{BE9B7501-AFEE-4B43-824A-E0704D83414B}"
	ProjectSection(ProjectDependencies) = postProject
		{10359E70-6A7F-4433-8EF1-B0FB688D830E} = {10359E70-6A7F-4433-8EF1-B0FB688D830E}
		{6857F086-F6FE-4150-9ED7-7446F1C1C220} = {6857F086-F6FE-4150-9ED7-7446F1C1C220}
		{371B9FA9-4C90-4AC6-A123-ACED756D6C77} = {371B9FA9-4C90-4AC6-A123-ACED756D6C77}
		{027478E8-F042-4016-BAA7-CDD455A319EA} = {027478E8-F042-4016-BAA7-CDD455A319EA}
	EndProjectSection
EndProject
Project("{8BC9CEB8-8B4A-11D0-8D11-00A0C91BC942}") = "Sample025", "Sample025\Sample025.vcxproj", "{9E0DB962-469B-4BA2-B23D-A8E09B9DDDAE}"
	ProjectSection(ProjectDependencies) = postProject
		{6857F086-F6FE-4150-9ED7-7446F1C1C220} = {6857F086-F6FE-4150-9ED7-7446F1C1C220}
		{371B9FA9-4C90-4AC6-A123-ACED756D6C77} = {371B9FA9-4C90-4AC6-A123-ACED756D6C77}
		{027478E8-F042-4016-BAA7-CDD455A319EA} = {027478E8-F042-4016-BAA7-CDD455A319EA}
	EndProjectSection
EndProject
Project("{8BC9CEB8-8B4A-11D0-8D11-00A0C91BC942}") = "Sample026", "Sample026\Sample026.vcxproj", "{7F36CA60-625F-41D0-B092-638075826A8D}"
	ProjectSection(ProjectDependencies) = postProject
		{6857F086-F6FE-4150-9ED7-7446F1C1C220} = {6857F086-F6FE-4150-9ED7-7446F1C1C220}
		{371B9FA9-4C90-4AC6-A123-ACED756D6C77} = {371B9FA9-4C90-4AC6-A123-ACED756D6C77}
		{027478E8-F042-4016-BAA7-CDD455A319EA} = {027478E8-F042-4016-BAA7-CDD455A319EA}
	EndProjectSection
EndProject
Project("{8BC9CEB8-8B4A-11D0-8D11-00A0C91BC942}") = "Sample027", "Sample027\Sample027.vcxproj", "{E60F9127-3D7B-42DF-A624-5A0FB3324798}"
	ProjectSection(ProjectDependencies) = postProject
		{10359E70-6A7F-4433-8EF1-B0FB688D830E} = {10359E70-6A7F-4433-8EF1-B0FB688D830E}
		{6857F086-F6FE-4150-9ED7-7446F1C1C220} = {6857F086-F6FE-4150-9ED7-7446F1C1C220}
		{371B9FA9-4C90-4AC6-A123-ACED756D6C77} = {371B9FA9-4C90-4AC6-A123-ACED756D6C77}
		{027478E8-F042-4016-BAA7-CDD455A319EA} = {027478E8-F042-4016-BAA7-CDD455A319EA}
	EndProjectSection
EndProject
Project("{8BC9CEB8-8B4A-11D0-8D11-00A0C91BC942}") = "Sample028", "Sample028\Sample028.vcxproj", "{1290FA1E-67D5-467D-8F7E-D524FBBFFF15}"
	ProjectSection(ProjectDependencies) = postProject
		{10359E70-6A7F-4433-8EF1-B0FB688D830E} = {10359E70-6A7F-4433-8EF1-B0FB688D830E}
		{6857F086-F6FE-4150-9ED7-7446F1C1C220} = {6857F086-F6FE-4150-9ED7-7446F1C1C220}
		{371B9FA9-4C90-4AC6-A123-ACED756D6C77} = {371B9FA9-4C90-4AC6-A123-ACED756D6C77}
		{027478E8-F042-4016-BAA7-CDD455A319EA} = {027478E8-F042-4016-BAA7-CDD455A319EA}
	EndProjectSection
EndProject
Global
	GlobalSection(SolutionConfigurationPlatforms) = preSolution
		Debug|x64 = Debug|x64
		Debug|x86 = Debug|x86
		Profile|x64 = Profile|x64
		Profile|x86 = Profile|x86
		Release|x64 = Release|x64
		Release|x86 = Release|x86
	EndGlobalSection
	GlobalSection(ProjectConfigurationPlatforms) = postSolution
		{78AC3D90-FA09-468F-867F-C7E456AC6297}.Debug|x64.ActiveCfg = Debug|x64
		{78AC3D90-FA09-468F-867F-C7E456AC6297}.Debug|x64.Build.0 = Debug|x64
		{78AC3D90-FA09-468F-867F-C7E456AC6297}.Debug|x86.ActiveCfg = Debug|x64
		{78AC3D90-FA09-468F-867F-C7E456AC6297}.Profile|x64.ActiveCfg = Release|x64
		{78AC3D90-FA09-468F-867F-C7E456AC6297}.Profile|x64.Build.0 = Release|x64
		{78AC3D90-FA09-468F-867F-C7E456AC6297}.Profile|x86.ActiveCfg = Release|x64
		{78AC3D90-FA09-468F-867F-C7E456AC6297}.Profile|x86.Build.0 = Release|x64
		{78AC3D90-FA09-468F-867F-C7E456AC6297}.Release|x64.ActiveCfg = Release|x64
		{78AC3D90-FA09-468F-867F-C7E456AC6297}.Release|x64.Build.0 = Release|x64
		{78AC3D90-FA09-468F-867F-C7E456AC6297}.Release|x86.ActiveCfg = Release|x64
		{027478E8-F042-4016-BAA7-CDD455A319EA}.Debug|x64.ActiveCfg = Debug|x64
		{027478E8-F042-4016-BAA7-CDD455A319EA}.Debug|x64.Build.0 = Debug|x64
		{027478E8-F042-4016-BAA7-CDD455A319EA}.Debug|x86.ActiveCfg = Debug|x64
		{027478E8-F042-4016-BAA7-CDD455A319EA}.Profile|x64.ActiveCfg = Release|x64
		{027478E8-F042-4016-BAA7-CDD455A319EA}.Profile|x64.Build.0 = Release|x64
		{027478E8-F042-4016-BAA7-CDD455A319EA}.Profile|x86.ActiveCfg = Release|x64
		{027478E8-F042-4016-BAA7-CDD455A319EA}.Profile|x86.Build.0 = Release|x64
		{027478E8-F042-4016-BAA7-CDD455A319EA}.Release|x64.ActiveCfg = Release|x64
		{027478E8-F042-4016-BAA7-CDD455A319EA}.Release|x64.Build.0 = Release|x64
		{027478E8-F042-4016-BAA7-CDD455A319EA}.Release|x86.ActiveCfg = Release|x64
		{C8E160CD-7BB1-47C4-8B56-01E37EDD7D57}.Debug|x64.ActiveCfg = Debug|x64
		{C8E160CD-7BB1-47C4-8B56-01E37EDD7D57}.Debug|x64.Build.0 = Debug|x64
		{C8E160CD-7BB1-47C4-8B56-01E37EDD7D57}.Debug|x86.ActiveCfg = Debug|x64
		{C8E160CD-7BB1-47C4-8B56-01E37EDD7D57}.Profile|x64.ActiveCfg = Release|x64
		{C8E160CD-7BB1-47C4-8B56-01E37EDD7D57}.Profile|x64.Build.0 = Release|x64
		{C8E160CD-7BB1-47C4-8B56-01E37EDD7D57}.Profile|x86.ActiveCfg = Release|x64
		{C8E160CD-7BB1-47C4-8B56-01E37EDD7D57}.Profile|x86.Build.0 = Release|x64
		{C8E160CD-7BB1-47C4-8B56-01E37EDD7D57}.Release|x64.ActiveCfg = Release|x64
		{C8E160CD-7BB1-47C4-8B56-01E37EDD7D57}.Release|x64.Build.0 = Release|x64
		{C8E160CD-7BB1-47C4-8B56-01E37EDD7D57}.Release|x86.ActiveCfg = Release|x64
		{11B9739C-7180-4997-9067-6103D3FA4A0D}.Debug|x64.ActiveCfg = Debug|x64
		{11B9739C-7180-4997-9067-6103D3FA4A0D}.Debug|x64.Build.0 = Debug|x64
		{11B9739C-7180-4997-9067-6103D3FA4A0D}.Debug|x86.ActiveCfg = Debug|x64
		{11B9739C-7180-4997-9067-6103D3FA4A0D}.Profile|x64.ActiveCfg = Release|x64
		{11B9739C-7180-4997-9067-6103D3FA4A0D}.Profile|x64.Build.0 = Release|x64
		{11B9739C-7180-4997-9067-6103D3FA4A0D}.Profile|x86.ActiveCfg = Release|x64
		{11B9739C-7180-4997-9067-6103D3FA4A0D}.Profile|x86.Build.0 = Release|x64
		{11B9739C-7180-4997-9067-6103D3FA4A0D}.Release|x64.ActiveCfg = Release|x64
		{11B9739C-7180-4997-9067-6103D3FA4A0D}.Release|x64.Build.0 = Release|x64
		{11B9739C-7180-4997-9067-6103D3FA4A0D}.Release|x86.ActiveCfg = Release|x64
		{9CBF6414-8473-4357-80BB-F569B19E84FC}.Debug|x64.ActiveCfg = Debug|x64
		{9CBF6414-8473-4357-80BB-F569B19E84FC}.Debug|x64.Build.0 = Debug|x64
		{9CBF6414-8473-4357-80BB-F569B19E84FC}.Debug|x86.ActiveCfg = Debug|x64
		{9CBF6414-8473-4357-80BB-F569B19E84FC}.Profile|x64.ActiveCfg = Release|x64
		{9CBF6414-8473-4357-80BB-F569B19E84FC}.Profile|x64.Build.0 = Release|x64
		{9CBF6414-8473-4357-80BB-F569B19E84FC}.Profile|x86.ActiveCfg = Release|x64
		{9CBF6414-8473-4357-80BB-F569B19E84FC}.Profile|x86.Build.0 = Release|x64
		{9CBF6414-8473-4357-80BB-F569B19E84FC}.Release|x64.ActiveCfg = Release|x64
		{9CBF6414-8473-4357-80BB-F569B19E84FC}.Release|x64.Build.0 = Release|x64
		{9CBF6414-8473-4357-80BB-F569B19E84FC}.Release|x86.ActiveCfg = Release|x64
		{C1A05D5E-5AAC-41C0-8494-BC2558CA2FF9}.Debug|x64.ActiveCfg = Debug|x64
		{C1A05D5E-5AAC-41C0-8494-BC2558CA2FF9}.Debug|x64.Build.0 = Debug|x64
		{C1A05D5E-5AAC-41C0-8494-BC2558CA2FF9}.Debug|x86.ActiveCfg = Debug|x64
		{C1A05D5E-5AAC-41C0-8494-BC2558CA2FF9}.Profile|x64.ActiveCfg = Release|x64
		{C1A05D5E-5AAC-41C0-8494-BC2558CA2FF9}.Profile|x64.Build.0 = Release|x64
		{C1A05D5E-5AAC-41C0-8494-BC2558CA2FF9}.Profile|x86.ActiveCfg = Release|x64
		{C1A05D5E-5AAC-41C0-8494-BC2558CA2FF9}.Profile|x86.Build.0 = Release|x64
		{C1A05D5E-5AAC-41C0-8494-BC2558CA2FF9}.Release|x64.ActiveCfg = Release|x64
		{C1A05D5E-5AAC-41C0-8494-BC2558CA2FF9}.Release|x64.Build.0 = Release|x64
		{C1A05D5E-5AAC-41C0-8494-BC2558CA2FF9}.Release|x86.ActiveCfg = Release|x64
		{915D6662-F933-4E07-BA3B-3C221FE58A36}.Debug|x64.ActiveCfg = Debug|x64
		{915D6662-F933-4E07-BA3B-3C221FE58A36}.Debug|x64.Build.0 = Debug|x64
		{915D6662-F933-4E07-BA3B-3C221FE58A36}.Debug|x86.ActiveCfg = Debug|x64
		{915D6662-F933-4E07-BA3B-3C221FE58A36}.Profile|x64.ActiveCfg = Release|x64
		{915D6662-F933-4E07-BA3B-3C221FE58A36}.Profile|x64.Build.0 = Release|x64
		{915D6662-F933-4E07-BA3B-3C221FE58A36}.Profile|x86.ActiveCfg = Release|x64
		{915D6662-F933-4E07-BA3B-3C221FE58A36}.Profile|x86.Build.0 = Release|x64
		{915D6662-F933-4E07-BA3B-3C221FE58A36}.Release|x64.ActiveCfg = Release|x64
		{915D6662-F933-4E07-BA3B-3C221FE58A36}.Release|x64.Build.0 = Release|x64
		{915D6662-F933-4E07-BA3B-3C221FE58A36}.Release|x86.ActiveCfg = Release|x64
		{3448E02E-2531-4816-83DB-84C7CC7279FF}.Debug|x64.ActiveCfg = Debug|x64
		{3448E02E-2531-4816-83DB-84C7CC7279FF}.Debug|x64.Build.0 = Debug|x64
		{3448E02E-2531-4816-83DB-84C7CC7279FF}.Debug|x86.ActiveCfg = Debug|x64
		{3448E02E-2531-4816-83DB-84C7CC7279FF}.Profile|x64.ActiveCfg = Release|x64
		{3448E02E-2531-4816-83DB-84C7CC7279FF}.Profile|x64.Build.0 = Release|x64
		{3448E02E-2531-4816-83DB-84C7CC7279FF}.Profile|x86.ActiveCfg = Release|x64
		{3448E02E-2531-4816-83DB-84C7CC7279FF}.Profile|x86.Build.0 = Release|x64
		{3448E02E-2531-4816-83DB-84C7CC7279FF}.Release|x64.ActiveCfg = Release|x64
		{3448E02E-2531-4816-83DB-84C7CC7279FF}.Release|x64.Build.0 = Release|x64
		{3448E02E-2531-4816-83DB-84C7CC7279FF}.Release|x86.ActiveCfg = Release|x64
		{73E3E34E-759F-4A61-B54E-EA4B31C9C08A}.Debug|x64.ActiveCfg = Debug|x64
		{73E3E34E-759F-4A61-B54E-EA4B31C9C08A}.Debug|x64.Build.0 = Debug|x64
		{73E3E34E-759F-4A61-B54E-EA4B31C9C08A}.Debug|x86.ActiveCfg = Debug|x64
		{73E3E34E-759F-4A61-B54E-EA4B31C9C08A}.Profile|x64.ActiveCfg = Release|x64
		{73E3E34E-759F-4A61-B54E-EA4B31C9C08A}.Profile|x64.Build.0 = Release|x64
		{73E3E34E-759F-4A61-B54E-EA4B31C9C08A}.Profile|x86.ActiveCfg = Release|x64
		{73E3E34E-759F-4A61-B54E-EA4B31C9C08A}.Profile|x86.Build.0 = Release|x64
		{73E3E34E-759F-4A61-B54E-EA4B31C9C08A}.Release|x64.ActiveCfg = Release|x64
		{73E3E34E-759F-4A61-B54E-EA4B31C9C08A}.Release|x64.Build.0 = Release|x64
		{73E3E34E-759F-4A61-B54E-EA4B31C9C08A}.Release|x86.ActiveCfg = Release|x64
		{CF64692B-4346-4A5C-B49C-1B91DA23AFB6}.Debug|x64.ActiveCfg = Debug|x64
		{CF64692B-4346-4A5C-B49C-1B91DA23AFB6}.Debug|x64.Build.0 = Debug|x64
		{CF64692B-4346-4A5C-B49C-1B91DA23AFB6}.Debug|x86.ActiveCfg = Debug|x64
		{CF64692B-4346-4A5C-B49C-1B91DA23AFB6}.Profile|x64.ActiveCfg = Release|x64
		{CF64692B-4346-4A5C-B49C-1B91DA23AFB6}.Profile|x64.Build.0 = Release|x64
		{CF64692B-4346-4A5C-B49C-1B91DA23AFB6}.Profile|x86.ActiveCfg = Release|x64
		{CF64692B-4346-4A5C-B49C-1B91DA23AFB6}.Profile|x86.Build.0 = Release|x64
		{CF64692B-4346-4A5C-B49C-1B91DA23AFB6}.Release|x64.ActiveCfg = Release|x64
		{CF64692B-4346-4A5C-B49C-1B91DA23AFB6}.Release|x64.Build.0 = Release|x64
		{CF64692B-4346-4A5C-B49C-1B91DA23AFB6}.Release|x86.ActiveCfg = Release|x64
		{9CB89C25-7761-4F2C-A883-B0D9A0362A94}.Debug|x64.ActiveCfg = Debug|x64
		{9CB89C25-7761-4F2C-A883-B0D9A0362A94}.Debug|x64.Build.0 = Debug|x64
		{9CB89C25-7761-4F2C-A883-B0D9A0362A94}.Debug|x86.ActiveCfg = Debug|x64
		{9CB89C25-7761-4F2C-A883-B0D9A0362A94}.Profile|x64.ActiveCfg = Release|x64
		{9CB89C25-7761-4F2C-A883-B0D9A0362A94}.Profile|x64.Build.0 = Release|x64
		{9CB89C25-7761-4F2C-A883-B0D9A0362A94}.Profile|x86.ActiveCfg = Release|x64
		{9CB89C25-7761-4F2C-A883-B0D9A0362A94}.Profile|x86.Build.0 = Release|x64
		{9CB89C25-7761-4F2C-A883-B0D9A0362A94}.Release|x64.ActiveCfg = Release|x64
		{9CB89C25-7761-4F2C-A883-B0D9A0362A94}.Release|x64.Build.0 = Release|x64
		{9CB89C25-7761-4F2C-A883-B0D9A0362A94}.Release|x86.ActiveCfg = Release|x64
		{678DF1CF-E696-4132-B807-FFF626CBC90F}.Debug|x64.ActiveCfg = Debug|x64
		{678DF1CF-E696-4132-B807-FFF626CBC90F}.Debug|x64.Build.0 = Debug|x64
		{678DF1CF-E696-4132-B807-FFF626CBC90F}.Debug|x86.ActiveCfg = Debug|x64
		{678DF1CF-E696-4132-B807-FFF626CBC90F}.Profile|x64.ActiveCfg = Release|x64
		{678DF1CF-E696-4132-B807-FFF626CBC90F}.Profile|x64.Build.0 = Release|x64
		{678DF1CF-E696-4132-B807-FFF626CBC90F}.Profile|x86.ActiveCfg = Release|x64
		{678DF1CF-E696-4132-B807-FFF626CBC90F}.Profile|x86.Build.0 = Release|x64
		{678DF1CF-E696-4132-B807-FFF626CBC90F}.Release|x64.ActiveCfg = Release|x64
		{678DF1CF-E696-4132-B807-FFF626CBC90F}.Release|x64.Build.0 = Release|x64
		{678DF1CF-E696-4132-B807-FFF626CBC90F}.Release|x86.ActiveCfg = Release|x64
		{E7BA395F-5CDD-4452-8428-67012B9C609A}.Debug|x64.ActiveCfg = Debug|x64
		{E7BA395F-5CDD-4452-8428-67012B9C609A}.Debug|x64.Build.0 = Debug|x64
		{E7BA395F-5CDD-4452-8428-67012B9C609A}.Debug|x86.ActiveCfg = Debug|x64
		{E7BA395F-5CDD-4452-8428-67012B9C609A}.Profile|x64.ActiveCfg = Release|x64
		{E7BA395F-5CDD-4452-8428-67012B9C609A}.Profile|x64.Build.0 = Release|x64
		{E7BA395F-5CDD-4452-8428-67012B9C609A}.Profile|x86.ActiveCfg = Release|x64
		{E7BA395F-5CDD-4452-8428-67012B9C609A}.Profile|x86.Build.0 = Release|x64
		{E7BA395F-5CDD-4452-8428-67012B9C609A}.Release|x64.ActiveCfg = Release|x64
		{E7BA395F-5CDD-4452-8428-67012B9C609A}.Release|x64.Build.0 = Release|x64
		{E7BA395F-5CDD-4452-8428-67012B9C609A}.Release|x86.ActiveCfg = Release|x64
		{371B9FA9-4C90-4AC6-A123-ACED756D6C77}.Debug|x64.ActiveCfg = Debug|x64
		{371B9FA9-4C90-4AC6-A123-ACED756D6C77}.Debug|x64.Build.0 = Debug|x64
		{371B9FA9-4C90-4AC6-A123-ACED756D6C77}.Debug|x86.ActiveCfg = Debug|Win32
		{371B9FA9-4C90-4AC6-A123-ACED756D6C77}.Debug|x86.Build.0 = Debug|Win32
		{371B9FA9-4C90-4AC6-A123-ACED756D6C77}.Profile|x64.ActiveCfg = Profile|x64
		{371B9FA9-4C90-4AC6-A123-ACED756D6C77}.Profile|x64.Build.0 = Profile|x64
		{371B9FA9-4C90-4AC6-A123-ACED756D6C77}.Profile|x86.ActiveCfg = Profile|Win32
		{371B9FA9-4C90-4AC6-A123-ACED756D6C77}.Profile|x86.Build.0 = Profile|Win32
		{371B9FA9-4C90-4AC6-A123-ACED756D6C77}.Release|x64.ActiveCfg = Release|x64
		{371B9FA9-4C90-4AC6-A123-ACED756D6C77}.Release|x64.Build.0 = Release|x64
		{371B9FA9-4C90-4AC6-A123-ACED756D6C77}.Release|x86.ActiveCfg = Release|Win32
		{371B9FA9-4C90-4AC6-A123-ACED756D6C77}.Release|x86.Build.0 = Release|Win32
		{62301340-21DA-41F6-8351-50D411E3D519}.Debug|x64.ActiveCfg = Debug|x64
		{62301340-21DA-41F6-8351-50D411E3D519}.Debug|x64.Build.0 = Debug|x64
		{62301340-21DA-41F6-8351-50D411E3D519}.Debug|x86.ActiveCfg = Debug|x64
		{62301340-21DA-41F6-8351-50D411E3D519}.Profile|x64.ActiveCfg = Release|x64
		{62301340-21DA-41F6-8351-50D411E3D519}.Profile|x64.Build.0 = Release|x64
		{62301340-21DA-41F6-8351-50D411E3D519}.Profile|x86.ActiveCfg = Release|x64
		{62301340-21DA-41F6-8351-50D411E3D519}.Profile|x86.Build.0 = Release|x64
		{62301340-21DA-41F6-8351-50D411E3D519}.Release|x64.ActiveCfg = Release|x64
		{62301340-21DA-41F6-8351-50D411E3D519}.Release|x64.Build.0 = Release|x64
		{62301340-21DA-41F6-8351-50D411E3D519}.Release|x86.ActiveCfg = Release|x64
		{10359E70-6A7F-4433-8EF1-B0FB688D830E}.Debug|x64.ActiveCfg = Debug|x64
		{10359E70-6A7F-4433-8EF1-B0FB688D830E}.Debug|x64.Build.0 = Debug|x64
		{10359E70-6A7F-4433-8EF1-B0FB688D830E}.Debug|x86.ActiveCfg = Debug|Win32
		{10359E70-6A7F-4433-8EF1-B0FB688D830E}.Debug|x86.Build.0 = Debug|Win32
		{10359E70-6A7F-4433-8EF1-B0FB688D830E}.Profile|x64.ActiveCfg = Release|x64
		{10359E70-6A7F-4433-8EF1-B0FB688D830E}.Profile|x64.Build.0 = Release|x64
		{10359E70-6A7F-4433-8EF1-B0FB688D830E}.Profile|x86.ActiveCfg = Release|Win32
		{10359E70-6A7F-4433-8EF1-B0FB688D830E}.Profile|x86.Build.0 = Release|Win32
		{10359E70-6A7F-4433-8EF1-B0FB688D830E}.Release|x64.ActiveCfg = Release|x64
		{10359E70-6A7F-4433-8EF1-B0FB688D830E}.Release|x64.Build.0 = Release|x64
		{10359E70-6A7F-4433-8EF1-B0FB688D830E}.Release|x86.ActiveCfg = Release|Win32
		{10359E70-6A7F-4433-8EF1-B0FB688D830E}.Release|x86.Build.0 = Release|Win32
		{87D26994-4149-4B94-A71C-3F2C02FEF88C}.Debug|x64.ActiveCfg = Debug|x64
		{87D26994-4149-4B94-A71C-3F2C02FEF88C}.Debug|x64.Build.0 = Debug|x64
		{87D26994-4149-4B94-A71C-3F2C02FEF88C}.Debug|x86.ActiveCfg = Debug|x64
		{87D26994-4149-4B94-A71C-3F2C02FEF88C}.Profile|x64.ActiveCfg = Release|x64
		{87D26994-4149-4B94-A71C-3F2C02FEF88C}.Profile|x64.Build.0 = Release|x64
		{87D26994-4149-4B94-A71C-3F2C02FEF88C}.Profile|x86.ActiveCfg = Release|x64
		{87D26994-4149-4B94-A71C-3F2C02FEF88C}.Profile|x86.Build.0 = Release|x64
		{87D26994-4149-4B94-A71C-3F2C02FEF88C}.Release|x64.ActiveCfg = Release|x64
		{87D26994-4149-4B94-A71C-3F2C02FEF88C}.Release|x64.Build.0 = Release|x64
		{87D26994-4149-4B94-A71C-3F2C02FEF88C}.Release|x86.ActiveCfg = Release|x64
		{6857F086-F6FE-4150-9ED7-7446F1C1C220}.Debug|x64.ActiveCfg = Debug|x64
		{6857F086-F6FE-4150-9ED7-7446F1C1C220}.Debug|x64.Build.0 = Debug|x64
		{6857F086-F6FE-4150-9ED7-7446F1C1C220}.Debug|x86.ActiveCfg = Debug|Win32
		{6857F086-F6FE-4150-9ED7-7446F1C1C220}.Debug|x86.Build.0 = Debug|Win32
		{6857F086-F6FE-4150-9ED7-7446F1C1C220}.Profile|x64.ActiveCfg = Profile|x64
		{6857F086-F6FE-4150-9ED7-7446F1C1C220}.Profile|x64.Build.0 = Profile|x64
		{6857F086-F6FE-4150-9ED7-7446F1C1C220}.Profile|x86.ActiveCfg = Profile|Win32
		{6857F086-F6FE-4150-9ED7-7446F1C1C220}.Profile|x86.Build.0 = Profile|Win32
		{6857F086-F6FE-4150-9ED7-7446F1C1C220}.Release|x64.ActiveCfg = Release|x64
		{6857F086-F6FE-4150-9ED7-7446F1C1C220}.Release|x64.Build.0 = Release|x64
		{6857F086-F6FE-4150-9ED7-7446F1C1C220}.Release|x86.ActiveCfg = Release|Win32
		{6857F086-F6FE-4150-9ED7-7446F1C1C220}.Release|x86.Build.0 = Release|Win32
		{89EB7787-4C6F-4EC3-A31D-7EED9180A8ED}.Debug|x64.ActiveCfg = Debug|x64
		{89EB7787-4C6F-4EC3-A31D-7EED9180A8ED}.Debug|x64.Build.0 = Debug|x64
		{89EB7787-4C6F-4EC3-A31D-7EED9180A8ED}.Debug|x86.ActiveCfg = Debug|x64
		{89EB7787-4C6F-4EC3-A31D-7EED9180A8ED}.Profile|x64.ActiveCfg = Release|x64
		{89EB7787-4C6F-4EC3-A31D-7EED9180A8ED}.Profile|x64.Build.0 = Release|x64
		{89EB7787-4C6F-4EC3-A31D-7EED9180A8ED}.Profile|x86.ActiveCfg = Release|x64
		{89EB7787-4C6F-4EC3-A31D-7EED9180A8ED}.Profile|x86.Build.0 = Release|x64
		{89EB7787-4C6F-4EC3-A31D-7EED9180A8ED}.Release|x64.ActiveCfg = Release|x64
		{89EB7787-4C6F-4EC3-A31D-7EED9180A8ED}.Release|x64.Build.0 = Release|x64
		{89EB7787-4C6F-4EC3-A31D-7EED9180A8ED}.Release|x86.ActiveCfg = Release|x64
		{214BED02-EFFD-4CCD-8D69-61B47CAE7D24}.Debug|x64.ActiveCfg = Debug|x64
		{214BED02-EFFD-4CCD-8D69-61B47CAE7D24}.Debug|x64.Build.0 = Debug|x64
		{214BED02-EFFD-4CCD-8D69-61B47CAE7D24}.Debug|x86.ActiveCfg = Debug|x64
		{214BED02-EFFD-4CCD-8D69-61B47CAE7D24}.Profile|x64.ActiveCfg = Release|x64
		{214BED02-EFFD-4CCD-8D69-61B47CAE7D24}.Profile|x64.Build.0 = Release|x64
		{214BED02-EFFD-4CCD-8D69-61B47CAE7D24}.Profile|x86.ActiveCfg = Release|x64
		{214BED02-EFFD-4CCD-8D69-61B47CAE7D24}.Profile|x86.Build.0 = Release|x64
		{214BED02-EFFD-4CCD-8D69-61B47CAE7D24}.Release|x64.ActiveCfg = Release|x64
		{214BED02-EFFD-4CCD-8D69-61B47CAE7D24}.Release|x64.Build.0 = Release|x64
		{214BED02-EFFD-4CCD-8D69-61B47CAE7D24}.Release|x86.ActiveCfg = Release|x64
		{CE52CE21-7C61-4ECB-AAFF-C8FB1E05AF7B}.Debug|x64.ActiveCfg = Debug|x64
		{CE52CE21-7C61-4ECB-AAFF-C8FB1E05AF7B}.Debug|x64.Build.0 = Debug|x64
		{CE52CE21-7C61-4ECB-AAFF-C8FB1E05AF7B}.Debug|x86.ActiveCfg = Debug|x64
		{CE52CE21-7C61-4ECB-AAFF-C8FB1E05AF7B}.Profile|x64.ActiveCfg = Release|x64
		{CE52CE21-7C61-4ECB-AAFF-C8FB1E05AF7B}.Profile|x64.Build.0 = Release|x64
		{CE52CE21-7C61-4ECB-AAFF-C8FB1E05AF7B}.Profile|x86.ActiveCfg = Release|x64
		{CE52CE21-7C61-4ECB-AAFF-C8FB1E05AF7B}.Profile|x86.Build.0 = Release|x64
		{CE52CE21-7C61-4ECB-AAFF-C8FB1E05AF7B}.Release|x64.ActiveCfg = Release|x64
		{CE52CE21-7C61-4ECB-AAFF-C8FB1E05AF7B}.Release|x64.Build.0 = Release|x64
		{CE52CE21-7C61-4ECB-AAFF-C8FB1E05AF7B}.Release|x86.ActiveCfg = Release|x64
		{AFEB07E3-7F31-442C-BC92-F6CF3A9B280B}.Debug|x64.ActiveCfg = Debug|x64
		{AFEB07E3-7F31-442C-BC92-F6CF3A9B280B}.Debug|x64.Build.0 = Debug|x64
		{AFEB07E3-7F31-442C-BC92-F6CF3A9B280B}.Debug|x86.ActiveCfg = Debug|x64
		{AFEB07E3-7F31-442C-BC92-F6CF3A9B280B}.Profile|x64.ActiveCfg = Release|x64
		{AFEB07E3-7F31-442C-BC92-F6CF3A9B280B}.Profile|x64.Build.0 = Release|x64
		{AFEB07E3-7F31-442C-BC92-F6CF3A9B280B}.Profile|x86.ActiveCfg = Release|x64
		{AFEB07E3-7F31-442C-BC92-F6CF3A9B280B}.Profile|x86.Build.0 = Release|x64
		{AFEB07E3-7F31-442C-BC92-F6CF3A9B280B}.Release|x64.ActiveCfg = Release|x64
		{AFEB07E3-7F31-442C-BC92-F6CF3A9B280B}.Release|x64.Build.0 = Release|x64
		{AFEB07E3-7F31-442C-BC92-F6CF3A9B280B}.Release|x86.ActiveCfg = Release|x64
		{FDF57C0D-0622-4B4C-8549-83A578A153BA}.Debug|x64.ActiveCfg = Debug|x64
		{FDF57C0D-0622-4B4C-8549-83A578A153BA}.Debug|x64.Build.0 = Debug|x64
		{FDF57C0D-0622-4B4C-8549-83A578A153BA}.Debug|x86.ActiveCfg = Debug|x64
		{FDF57C0D-0622-4B4C-8549-83A578A153BA}.Profile|x64.ActiveCfg = Release|x64
		{FDF57C0D-0622-4B4C-8549-83A578A153BA}.Profile|x64.Build.0 = Release|x64
		{FDF57C0D-0622-4B4C-8549-83A578A153BA}.Profile|x86.ActiveCfg = Release|x64
		{FDF57C0D-0622-4B4C-8549-83A578A153BA}.Profile|x86.Build.0 = Release|x64
		{FDF57C0D-0622-4B4C-8549-83A578A153BA}.Release|x64.ActiveCfg = Release|x64
		{FDF57C0D-0622-4B4C-8549-83A578A153BA}.Release|x64.Build.0 = Release|x64
		{FDF57C0D-0622-4B4C-8549-83A578A153BA}.Release|x86.ActiveCfg = Release|x64
		{3DA4C436-88E4-4D9F-B436-8041544ECE7B}.Debug|x64.ActiveCfg = Debug|x64
		{3DA4C436-88E4-4D9F-B436-8041544ECE7B}.Debug|x64.Build.0 = Debug|x64
		{3DA4C436-88E4-4D9F-B436-8041544ECE7B}.Debug|x86.ActiveCfg = Debug|x64
		{3DA4C436-88E4-4D9F-B436-8041544ECE7B}.Profile|x64.ActiveCfg = Release|x64
		{3DA4C436-88E4-4D9F-B436-8041544ECE7B}.Profile|x64.Build.0 = Release|x64
		{3DA4C436-88E4-4D9F-B436-8041544ECE7B}.Profile|x86.ActiveCfg = Release|x64
		{3DA4C436-88E4-4D9F-B436-8041544ECE7B}.Profile|x86.Build.0 = Release|x64
		{3DA4C436-88E4-4D9F-B436-8041544ECE7B}.Release|x64.ActiveCfg = Release|x64
		{3DA4C436-88E4-4D9F-B436-8041544ECE7B}.Release|x64.Build.0 = Release|x64
		{3DA4C436-88E4-4D9F-B436-8041544ECE7B}.Release|x86.ActiveCfg = Release|x64
		{9087C3BF-A746-4B16-8D80-DAEBBE55ADAD}.Debug|x64.ActiveCfg = Debug|x64
		{9087C3BF-A746-4B16-8D80-DAEBBE55ADAD}.Debug|x64.Build.0 = Debug|x64
		{9087C3BF-A746-4B16-8D80-DAEBBE55ADAD}.Debug|x86.ActiveCfg = Debug|x64
		{9087C3BF-A746-4B16-8D80-DAEBBE55ADAD}.Profile|x64.ActiveCfg = Release|x64
		{9087C3BF-A746-4B16-8D80-DAEBBE55ADAD}.Profile|x64.Build.0 = Release|x64
		{9087C3BF-A746-4B16-8D80-DAEBBE55ADAD}.Profile|x86.ActiveCfg = Release|x64
		{9087C3BF-A746-4B16-8D80-DAEBBE55ADAD}.Profile|x86.Build.0 = Release|x64
		{9087C3BF-A746-4B16-8D80-DAEBBE55ADAD}.Release|x64.ActiveCfg = Release|x64
		{9087C3BF-A746-4B16-8D80-DAEBBE55ADAD}.Release|x64.Build.0 = Release|x64
		{9087C3BF-A746-4B16-8D80-DAEBBE55ADAD}.Release|x86.ActiveCfg = Release|x64
		{5BC97749-745F-494C-9B54-76D83D469AF4}.Debug|x64.ActiveCfg = Debug|x64
		{5BC97749-745F-494C-9B54-76D83D469AF4}.Debug|x64.Build.0 = Debug|x64
		{5BC97749-745F-494C-9B54-76D83D469AF4}.Debug|x86.ActiveCfg = Debug|x64
		{5BC97749-745F-494C-9B54-76D83D469AF4}.Profile|x64.ActiveCfg = Release|x64
		{5BC97749-745F-494C-9B54-76D83D469AF4}.Profile|x64.Build.0 = Release|x64
		{5BC97749-745F-494C-9B54-76D83D469AF4}.Profile|x86.ActiveCfg = Release|x64
		{5BC97749-745F-494C-9B54-76D83D469AF4}.Profile|x86.Build.0 = Release|x64
		{5BC97749-745F-494C-9B54-76D83D469AF4}.Release|x64.ActiveCfg = Release|x64
		{5BC97749-745F-494C-9B54-76D83D469AF4}.Release|x64.Build.0 = Release|x64
		{5BC97749-745F-494C-9B54-76D83D469AF4}.Release|x86.ActiveCfg = Release|x64
		{46E90B10-F877-4449-90B8-C5F67E1C1BFF}.Debug|x64.ActiveCfg = Debug|x64
		{46E90B10-F877-4449-90B8-C5F67E1C1BFF}.Debug|x64.Build.0 = Debug|x64
		{46E90B10-F877-4449-90B8-C5F67E1C1BFF}.Debug|x86.ActiveCfg = Debug|x64
		{46E90B10-F877-4449-90B8-C5F67E1C1BFF}.Profile|x64.ActiveCfg = Release|x64
		{46E90B10-F877-4449-90B8-C5F67E1C1BFF}.Profile|x64.Build.0 = Release|x64
		{46E90B10-F877-4449-90B8-C5F67E1C1BFF}.Profile|x86.ActiveCfg = Release|x64
		{46E90B10-F877-4449-90B8-C5F67E1C1BFF}.Profile|x86.Build.0 = Release|x64
		{46E90B10-F877-4449-90B8-C5F67E1C1BFF}.Release|x64.ActiveCfg = Release|x64
		{46E90B10-F877-4449-90B8-C5F67E1C1BFF}.Release|x64.Build.0 = Release|x64
		{46E90B10-F877-4449-90B8-C5F67E1C1BFF}.Release|x86.ActiveCfg = Release|x64
		{BE9B7501-AFEE-4B43-824A-E0704D83414B}.Debug|x64.ActiveCfg = Debug|x64
		{BE9B7501-AFEE-4B43-824A-E0704D83414B}.Debug|x64.Build.0 = Debug|x64
		{BE9B7501-AFEE-4B43-824A-E0704D83414B}.Debug|x86.ActiveCfg = Debug|x64
		{BE9B7501-AFEE-4B43-824A-E0704D83414B}.Profile|x64.ActiveCfg = Release|x64
		{BE9B7501-AFEE-4B43-824A-E0704D83414B}.Profile|x64.Build.0 = Release|x64
		{BE9B7501-AFEE-4B43-824A-E0704D83414B}.Profile|x86.ActiveCfg = Release|x64
		{BE9B7501-AFEE-4B43-824A-E0704D83414B}.Profile|x86.Build.0 = Release|x64
		{BE9B7501-AFEE-4B43-824A-E0704D83414B}.Release|x64.ActiveCfg = Release|x64
		{BE9B7501-AFEE-4B43-824A-E0704D83414B}.Release|x64.Build.0 = Release|x64
		{BE9B7501-AFEE-4B43-824A-E0704D83414B}.Release|x86.ActiveCfg = Release|x64
		{9E0DB962-469B-4BA2-B23D-A8E09B9DDDAE}.Debug|x64.ActiveCfg = Debug|x64
		{9E0DB962-469B-4BA2-B23D-A8E09B9DDDAE}.Debug|x64.Build.0 = Debug|x64
		{9E0DB962-469B-4BA2-B23D-A8E09B9DDDAE}.Debug|x86.ActiveCfg = Debug|x64
		{9E0DB962-469B-4BA2-B23D-A8E09B9DDDAE}.Profile|x64.ActiveCfg = Release|x64
		{9E0DB962-469B-4BA2-B23D-A8E09B9DDDAE}.Profile|x64.Build.0 = Release|x64
		{9E0DB962-469B-4BA2-B23D-A8E09B9DDDAE}.Profile|x86.ActiveCfg = Release|x64
		{9E0DB962-469B-4BA2-B23D-A8E09B9DDDAE}.Profile|x86.Build.0 = Release|x64
		{9E0DB962-469B-4BA2-B23D-A8E09B9DDDAE}.Release|x64.ActiveCfg = Release|x64
		{9E0DB962-469B-4BA2-B23D-A8E09B9DDDAE}.Release|x64.Build.0 = Release|x64
		{9E0DB962-469B-4BA2-B23D-A8E09B9DDDAE}.Release|x86.ActiveCfg = Release|x64
		{7F36CA60-625F-41D0-B092-638075826A8D}.Debug|x64.ActiveCfg = Debug|x64
		{7F36CA60-625F-41D0-B092-638075826A8D}.Debug|x64.Build.0 = Debug|x64
		{7F36CA60-625F-41D0-B092-638075826A8D}.Debug|x86.ActiveCfg = Debug|x64
		{7F36CA60-625F-41D0-B092-638075826A8D}.Profile|x64.ActiveCfg = Release|x64
		{7F36CA60-625F-41D0-B092-638075826A8D}.Profile|x64.Build.0 = Release|x64
		{7F36CA60-625F-41D0-B092-638075826A8D}.Profile|x86.ActiveCfg = Release|x64
		{7F36CA60-625F-41D0-B092-638075826A8D}.Profile|x86.Build.0 = Release|x64
		{7F36CA60-625F-41D0-B092-638075826A8D}.Release|x64.ActiveCfg = Release|x64
		{7F36CA60-625F-41D0-B092-638075826A8D}.Release|x64.Build.0 = Release|x64
		{7F36CA60-625F-41D0-B092-638075826A8D}.Release|x86.ActiveCfg = Release|x64
		{E60F9127-3D7B-42DF-A624-5A0FB3324798}.Debug|x64.ActiveCfg = Debug|x64
		{E60F9127-3D7B-42DF-A624-5A0FB3324798}.Debug|x64.Build.0 = Debug|x64
		{E60F9127-3D7B-42DF-A624-5A0FB3324798}.Debug|x86.ActiveCfg = Debug|x64
		{E60F9127-3D7B-42DF-A624-5A0FB3324798}.Profile|x64.ActiveCfg = Debug|x64
		{E60F9127-3D7B-42DF-A624-5A0FB3324798}.Profile|x64.Build.0 = Debug|x64
		{E60F9127-3D7B-42DF-A624-5A0FB3324798}.Profile|x86.ActiveCfg = Debug|x64
		{E60F9127-3D7B-42DF-A624-5A0FB3324798}.Profile|x86.Build.0 = Debug|x64
		{E60F9127-3D7B-42DF-A624-5A0FB3324798}.Release|x64.ActiveCfg = Release|x64
		{E60F9127-3D7B-42DF-A624-5A0FB3324798}.Release|x64.Build.0 = Release|x64
		{E60F9127-3D7B-42DF-A624-5A0FB3324798}.Release|x86.ActiveCfg = Release|x64
		{1290FA1E-67D5-467D-8F7E-D524FBBFFF15}.Debug|x64.ActiveCfg = Debug|x64
		{1290FA1E-67D5-467D-8F7E-D524FBBFFF15}.Debug|x64.Build.0 = Debug|x64
		{1290FA1E-67D5-467D-8F7E-D524FBBFFF15}.Debug|x86.ActiveCfg = Debug|x64
		{1290FA1E-67D5-467D-8F7E-D524FBBFFF15}.Profile|x64.ActiveCfg = Debug|x64
		{1290FA1E-67D5-467D-8F7E-D524FBBFFF15}.Profile|x64.Build.0 = Debug|x64
		{1290FA1E-67D5-467D-8F7E-D524FBBFFF15}.Profile|x86.ActiveCfg = Debug|x64
		{1290FA1E-67D5-467D-8F7E-D524FBBFFF15}.Profile|x86.Build.0 = Debug|x64
		{1290FA1E-67D5-467D-8F7E-D524FBBFFF15}.Release|x64.ActiveCfg = Release|x64
		{1290FA1E-67D5-467D-8F7E-D524FBBFFF15}.Release|x64.Build.0 = Release|x64
		{1290FA1E-67D5-467D-8F7E-D524FBBFFF15}.Release|x86.ActiveCfg = Release|x64
	EndGlobalSection
	GlobalSection(SolutionProperties) = preSolution
		HideSolutionNode = FALSE
	EndGlobalSection
	GlobalSection(ExtensibilityGlobals) = postSolution
		SolutionGuid = {47987CBA-BE83-4808-8E23-0D52CA50FBC0}
	EndGlobalSection
EndGlobal
