<?xml version="1.0" encoding="utf-8"?>
<Project ToolsVersion="4.0" xmlns="http://schemas.microsoft.com/developer/msbuild/2003">
  <ItemGroup>
    <Filter Include="src">
      <UniqueIdentifier>{f9def54f-9385-4054-b1df-94862c79c987}</UniqueIdentifier>
    </Filter>
    <Filter Include="shader">
      <UniqueIdentifier>{ccad6f8a-e2e6-4530-a323-070b554fdb6a}</UniqueIdentifier>
    </Filter>
    <Filter Include="shader\rtxgi">
      <UniqueIdentifier>{36676003-1e81-4e1a-ac29-796f5aa05d84}</UniqueIdentifier>
    </Filter>
    <Filter Include="src\RTXGI">
      <UniqueIdentifier>{560cceac-4dce-4c0a-a3de-3c8345cdd59d}</UniqueIdentifier>
    </Filter>
    <Filter Include="src\RTXGI\ddgi">
      <UniqueIdentifier>{5a306d5b-b6f9-4660-8317-17cb1e1a3a6b}</UniqueIdentifier>
    </Filter>
    <Filter Include="src\RTXGI\ddgi\gfx">
      <UniqueIdentifier>{c3a7abb1-750f-41b4-9ab4-2e6540e8e0a1}</UniqueIdentifier>
    </Filter>
  </ItemGroup>
  <ItemGroup>
    <ClCompile Include="src\main.cpp">
      <Filter>src</Filter>
    </ClCompile>
    <ClCompile Include="src\as_manager.cpp">
      <Filter>src</Filter>
    </ClCompile>
    <ClCompile Include="src\mesh_instance.cpp">
      <Filter>src</Filter>
    </ClCompile>
    <ClCompile Include="src\rtxgi_component.cpp">
      <Filter>src</Filter>
    </ClCompile>
    <ClCompile Include="..\External\RTXGI\rtxgi-sdk\src\Math.cpp">
      <Filter>src\RTXGI</Filter>
    </ClCompile>
    <ClCompile Include="..\External\RTXGI\rtxgi-sdk\src\ddgi\DDGIVolume.cpp">
      <Filter>src\RTXGI\ddgi</Filter>
    </ClCompile>
    <ClCompile Include="..\External\RTXGI\rtxgi-sdk\src\ddgi\gfx\DDGIVolume_D3D12.cpp">
      <Filter>src\RTXGI\ddgi\gfx</Filter>
    </ClCompile>
  </ItemGroup>
  <ItemGroup>
    <FxCompile Include="shader\zpre.vv.hlsl">
      <Filter>shader</Filter>
    </FxCompile>
    <FxCompile Include="shader\lighting.p.hlsl">
      <Filter>shader</Filter>
    </FxCompile>
    <FxCompile Include="shader\zpre.p.hlsl">
      <Filter>shader</Filter>
    </FxCompile>
    <FxCompile Include="shader\fullscreen.vv.hlsl">
      <Filter>shader</Filter>
    </FxCompile>
    <FxCompile Include="shader\frustum_cull.c.hlsl">
      <Filter>shader</Filter>
    </FxCompile>
    <FxCompile Include="shader\count_clear.c.hlsl">
      <Filter>shader</Filter>
    </FxCompile>
    <FxCompile Include="shader\occlusion.lib.hlsl">
      <Filter>shader</Filter>
    </FxCompile>
    <FxCompile Include="shader\material.lib.hlsl">
      <Filter>shader</Filter>
    </FxCompile>
    <FxCompile Include="shader\direct_shadow.lib.hlsl">
      <Filter>shader</Filter>
    </FxCompile>
    <FxCompile Include="shader\rt_reflection.lib.hlsl">
      <Filter>shader</Filter>
    </FxCompile>
    <FxCompile Include="shader\irr_map_gen.c.hlsl">
      <Filter>shader</Filter>
    </FxCompile>
    <FxCompile Include="shader\temporal_blend.c.hlsl">
      <Filter>shader</Filter>
    </FxCompile>
    <FxCompile Include="shader\rtxgi\probe_lighting.lib.hlsl">
      <Filter>shader\rtxgi</Filter>
    </FxCompile>
    <FxCompile Include="shader\debug_probe.vv.hlsl">
      <Filter>shader</Filter>
    </FxCompile>
    <FxCompile Include="shader\debug_probe.p.hlsl">
      <Filter>shader</Filter>
    </FxCompile>
    <FxCompile Include="shader\rtxgi\rtxgi_distance_blending.c.hlsl">
      <Filter>shader\rtxgi</Filter>
    </FxCompile>
    <FxCompile Include="shader\rtxgi\rtxgi_irradiance_blending.c.hlsl">
      <Filter>shader\rtxgi</Filter>
    </FxCompile>
    <FxCompile Include="shader\rtxgi\rtxgi_border_row_update_irradiance.c.hlsl">
      <Filter>shader\rtxgi</Filter>
    </FxCompile>
    <FxCompile Include="shader\rtxgi\rtxgi_border_clm_update_irradiance.c.hlsl">
      <Filter>shader\rtxgi</Filter>
    </FxCompile>
    <FxCompile Include="shader\rtxgi\rtxgi_border_clm_update_distance.c.hlsl">
      <Filter>shader\rtxgi</Filter>
    </FxCompile>
    <FxCompile Include="shader\rtxgi\rtxgi_border_row_update_distance.c.hlsl">
      <Filter>shader\rtxgi</Filter>
    </FxCompile>
    <FxCompile Include="shader\rtxgi\rtxgi_probe_relocation.c.hlsl">
      <Filter>shader\rtxgi</Filter>
    </FxCompile>
    <FxCompile Include="shader\rtxgi\rtxgi_probe_relocation_reset.c.hlsl">
      <Filter>shader\rtxgi</Filter>
    </FxCompile>
    <FxCompile Include="shader\rtxgi\rtxgi_probe_classification.c.hlsl">
      <Filter>shader\rtxgi</Filter>
    </FxCompile>
    <FxCompile Include="shader\rtxgi\rtxgi_probe_classification_reset.c.hlsl">
      <Filter>shader\rtxgi</Filter>
    </FxCompile>
  </ItemGroup>
  <ItemGroup>
    <None Include="packages.config" />
    <None Include="shader\common.hlsli">
      <Filter>shader</Filter>
    </None>
    <None Include="shader\payload.hlsli">
      <Filter>shader</Filter>
    </None>
    <None Include="shader\raytrace.hlsli">
      <Filter>shader</Filter>
    </None>
    <None Include="shader\rtxgi\rtxgi_common_defines.hlsli">
      <Filter>shader\rtxgi</Filter>
    </None>
  </ItemGroup>
  <ItemGroup>
    <ClInclude Include="shader\constant.h">
      <Filter>shader</Filter>
    </ClInclude>
    <ClInclude Include="src\as_manager.h">
      <Filter>src</Filter>
    </ClInclude>
    <ClInclude Include="src\mesh_instance.h">
      <Filter>src</Filter>
    </ClInclude>
    <ClInclude Include="shader\rtxgi\volume_desc.h">
      <Filter>shader\rtxgi</Filter>
    </ClInclude>
    <ClInclude Include="src\rtxgi_component.h">
      <Filter>src</Filter>
    </ClInclude>
    <ClInclude Include="shader\rtxgi\rtxgi_common_defines.h">
      <Filter>shader\rtxgi</Filter>
    </ClInclude>
  </ItemGroup>
</Project>