<?xml version="1.0" encoding="utf-8"?>
<Project ToolsVersion="4.0" xmlns="http://schemas.microsoft.com/developer/msbuild/2003">
  <ItemGroup>
    <Filter Include="src">
      <UniqueIdentifier>{cae3d5b8-3dfa-4335-bb6b-e2085d3fe735}</UniqueIdentifier>
    </Filter>
    <Filter Include="src\shaders">
      <UniqueIdentifier>{eac979ee-1253-443a-b9ab-f521649510f6}</UniqueIdentifier>
    </Filter>
  </ItemGroup>
  <ItemGroup>
    <ClCompile Include="src\main.cpp">
      <Filter>src</Filter>
    </ClCompile>
  </ItemGroup>
  <ItemGroup>
    <FxCompile Include="src\shaders\base_pass.p.hlsl">
      <Filter>src\shaders</Filter>
    </FxCompile>
    <FxCompile Include="src\shaders\base_pass.vv.hlsl">
      <Filter>src\shaders</Filter>
    </FxCompile>
    <FxCompile Include="src\shaders\lighting.p.hlsl">
      <Filter>src\shaders</Filter>
    </FxCompile>
    <FxCompile Include="src\shaders\post_process.vv.hlsl">
      <Filter>src\shaders</Filter>
    </FxCompile>
    <FxCompile Include="src\shaders\linear_depth.p.hlsl">
      <Filter>src\shaders</Filter>
    </FxCompile>
    <FxCompile Include="src\shaders\blur_x.p.hlsl">
      <Filter>src\shaders</Filter>
    </FxCompile>
    <FxCompile Include="src\shaders\blur_y.p.hlsl">
      <Filter>src\shaders</Filter>
    </FxCompile>
    <FxCompile Include="src\shaders\tile_lighting.c.hlsl">
      <Filter>src\shaders</Filter>
    </FxCompile>
    <FxCompile Include="src\shaders\resolve_hash.p.hlsl">
      <Filter>src\shaders</Filter>
    </FxCompile>
    <FxCompile Include="src\shaders\project_hash.c.hlsl">
      <Filter>src\shaders</Filter>
    </FxCompile>
    <FxCompile Include="src\shaders\clear_hash.c.hlsl">
      <Filter>src\shaders</Filter>
    </FxCompile>
    <FxCompile Include="src\shaders\water.p.hlsl">
      <Filter>src\shaders</Filter>
    </FxCompile>
    <FxCompile Include="src\shaders\water.vv.hlsl">
      <Filter>src\shaders</Filter>
    </FxCompile>
    <FxCompile Include="src\shaders\reproject_reflection.p.hlsl">
      <Filter>src\shaders</Filter>
    </FxCompile>
    <FxCompile Include="src\shaders\reproject_reflection.vv.hlsl">
      <Filter>src\shaders</Filter>
    </FxCompile>
  </ItemGroup>
  <ItemGroup>
    <None Include="src\shaders\const_buffer.hlsli">
      <Filter>src\shaders</Filter>
    </None>
    <None Include="src\shaders\base_pass.hlsli">
      <Filter>src\shaders</Filter>
    </None>
    <None Include="src\shaders\blur.hlsli">
      <Filter>src\shaders</Filter>
    </None>
    <None Include="src\shaders\water.hlsli">
      <Filter>src\shaders</Filter>
    </None>
    <None Include="src\shaders\reproject_reflection.hlsli">
      <Filter>src\shaders</Filter>
    </None>
  </ItemGroup>
  <ItemGroup>
    <ClInclude Include="src\file.h">
      <Filter>src</Filter>
    </ClInclude>
  </ItemGroup>
</Project>