<?xml version="1.0" encoding="utf-8"?>
<Project ToolsVersion="4.0" xmlns="http://schemas.microsoft.com/developer/msbuild/2003">
  <ItemGroup>
    <Filter Include="src">
      <UniqueIdentifier>{cae3d5b8-3dfa-4335-bb6b-e2085d3fe735}</UniqueIdentifier>
    </Filter>
    <Filter Include="src\shaders">
      <UniqueIdentifier>{eac979ee-1253-443a-b9ab-f521649510f6}</UniqueIdentifier>
    </Filter>
  </ItemGroup>
  <ItemGroup>
    <ClCompile Include="src\main.cpp">
      <Filter>src</Filter>
    </ClCompile>
    <ClCompile Include="src\render_resource_manager.cpp">
      <Filter>src</Filter>
    </ClCompile>
  </ItemGroup>
  <ItemGroup>
    <FxCompile Include="src\shaders\PSMesh.psh">
      <Filter>src\shaders</Filter>
    </FxCompile>
    <FxCompile Include="src\shaders\VSMesh.vsh">
      <Filter>src\shaders</Filter>
    </FxCompile>
  </ItemGroup>
  <ItemGroup>
    <ClInclude Include="src\render_path.h">
      <Filter>src</Filter>
    </ClInclude>
    <ClInclude Include="src\render_resource_manager.h">
      <Filter>src</Filter>
    </ClInclude>
  </ItemGroup>
</Project>