<?xml version="1.0" encoding="utf-8"?>
<Project ToolsVersion="4.0" xmlns="http://schemas.microsoft.com/developer/msbuild/2003">
  <ItemGroup>
    <Filter Include="src">
      <UniqueIdentifier>{f9def54f-9385-4054-b1df-94862c79c987}</UniqueIdentifier>
    </Filter>
    <Filter Include="shader">
      <UniqueIdentifier>{ccad6f8a-e2e6-4530-a323-070b554fdb6a}</UniqueIdentifier>
    </Filter>
  </ItemGroup>
  <ItemGroup>
    <ClCompile Include="src\main.cpp">
      <Filter>src</Filter>
    </ClCompile>
  </ItemGroup>
  <ItemGroup>
    <FxCompile Include="shader\lighting.p.hlsl">
      <Filter>shader</Filter>
    </FxCompile>
    <FxCompile Include="shader\zpre.p.hlsl">
      <Filter>shader</Filter>
    </FxCompile>
    <FxCompile Include="shader\fullscreen.vv.hlsl">
      <Filter>shader</Filter>
    </FxCompile>
    <FxCompile Include="shader\frustum_cull.c.hlsl">
      <Filter>shader</Filter>
    </FxCompile>
    <FxCompile Include="shader\count_clear.c.hlsl">
      <Filter>shader</Filter>
    </FxCompile>
    <FxCompile Include="shader\occlusion.lib.hlsl">
      <Filter>shader</Filter>
    </FxCompile>
    <FxCompile Include="shader\material.lib.hlsl">
      <Filter>shader</Filter>
    </FxCompile>
    <FxCompile Include="shader\direct_shadow.lib.hlsl">
      <Filter>shader</Filter>
    </FxCompile>
    <FxCompile Include="shader\global_illumination.lib.hlsl">
      <Filter>shader</Filter>
    </FxCompile>
    <FxCompile Include="shader\zpre.m.hlsl">
      <Filter>shader</Filter>
    </FxCompile>
    <FxCompile Include="shader\lighting.m.hlsl">
      <Filter>shader</Filter>
    </FxCompile>
    <FxCompile Include="shader\zpre_a.m.hlsl">
      <Filter>shader</Filter>
    </FxCompile>
    <FxCompile Include="shader\zpre_a.a.hlsl">
      <Filter>shader</Filter>
    </FxCompile>
    <FxCompile Include="shader\lighting_a.a.hlsl">
      <Filter>shader</Filter>
    </FxCompile>
    <FxCompile Include="shader\lighting_a.m.hlsl">
      <Filter>shader</Filter>
    </FxCompile>
  </ItemGroup>
  <ItemGroup>
    <None Include="packages.config" />
    <None Include="shader\common.hlsli">
      <Filter>shader</Filter>
    </None>
    <None Include="shader\payload.hlsli">
      <Filter>shader</Filter>
    </None>
  </ItemGroup>
  <ItemGroup>
    <ClInclude Include="shader\constant.h">
      <Filter>shader</Filter>
    </ClInclude>
  </ItemGroup>
</Project>